
Microsoft Visual Studio Solution File, Format Version 12.00
# Visual Studio Version 16
VisualStudioVersion = 16.0.31112.23
MinimumVisualStudioVersion = 10.0.40219.1
Project("{FAE04EC0-301F-11D3-BF4B-00C04F79EFBC}") = "Vidly", "Vidly\Vidly.csproj", "{8E3F6CDE-C7B4-40BE-BC74-BEE434CAB351}"
EndProject
Global
	GlobalSection(SolutionConfigurationPlatforms) = preSolution
		Debug|Any CPU = Debug|Any CPU
		Release|Any CPU = Release|Any CPU
	EndGlobalSection
	GlobalSection(ProjectConfigurationPlatforms) = postSolution
		{8E3F6CDE-C7B4-40BE-BC74-BEE434CAB351}.Debug|Any CPU.ActiveCfg = Debug|Any CPU
		{8E3F6CDE-C7B4-40BE-BC74-BEE434CAB351}.Debug|Any CPU.Build.0 = Debug|Any CPU
		{8E3F6CDE-C7B4-40BE-BC74-BEE434CAB351}.Release|Any CPU.ActiveCfg = Release|Any CPU
		{8E3F6CDE-C7B4-40BE-BC74-BEE434CAB351}.Release|Any CPU.Build.0 = Release|Any CPU
	EndGlobalSection
	GlobalSection(SolutionProperties) = preSolution
		HideSolutionNode = FALSE
	EndGlobalSection
	GlobalSection(ExtensibilityGlobals) = postSolution
		SolutionGuid = {003AB28C-DFCD-439C-B6EC-C3C19BCAEF30}
	EndGlobalSection
EndGlobal
